
Microsoft Visual Studio Solution File, Format Version 12.00
# Visual Studio Version 16
VisualStudioVersion = 16.0.31205.134
MinimumVisualStudioVersion = 10.0.40219.1
Project("{9A19103F-16F7-4668-BE54-9A1E7A4F7556}") = "PruebaTecnicaa", "PruebaTecnicaa\PruebaTecnicaa.csproj", "{A982C09A-8F5A-440E-90C4-38521F078A4B}"
EndProject
Project("{FAE04EC0-301F-11D3-BF4B-00C04F79EFBC}") = "ApiPruebaTecnica", "ApiPruebaTecnica\ApiPruebaTecnica.csproj", "{E718A41D-B340-4AC0-B966-E09B193E12CD}"
EndProject
Global
	GlobalSection(SolutionConfigurationPlatforms) = preSolution
		Debug|Any CPU = Debug|Any CPU
		Release|Any CPU = Release|Any CPU
	EndGlobalSection
	GlobalSection(ProjectConfigurationPlatforms) = postSolution
		{A982C09A-8F5A-440E-90C4-38521F078A4B}.Debug|Any CPU.ActiveCfg = Debug|Any CPU
		{A982C09A-8F5A-440E-90C4-38521F078A4B}.Debug|Any CPU.Build.0 = Debug|Any CPU
		{A982C09A-8F5A-440E-90C4-38521F078A4B}.Release|Any CPU.ActiveCfg = Release|Any CPU
		{A982C09A-8F5A-440E-90C4-38521F078A4B}.Release|Any CPU.Build.0 = Release|Any CPU
		{E718A41D-B340-4AC0-B966-E09B193E12CD}.Debug|Any CPU.ActiveCfg = Debug|Any CPU
		{E718A41D-B340-4AC0-B966-E09B193E12CD}.Debug|Any CPU.Build.0 = Debug|Any CPU
		{E718A41D-B340-4AC0-B966-E09B193E12CD}.Release|Any CPU.ActiveCfg = Release|Any CPU
		{E718A41D-B340-4AC0-B966-E09B193E12CD}.Release|Any CPU.Build.0 = Release|Any CPU
	EndGlobalSection
	GlobalSection(SolutionProperties) = preSolution
		HideSolutionNode = FALSE
	EndGlobalSection
	GlobalSection(ExtensibilityGlobals) = postSolution
		SolutionGuid = {33F74731-809B-42F6-B9F5-AE33A1594F6A}
	EndGlobalSection
EndGlobal
